
Microsoft Visual Studio Solution File, Format Version 12.00
# Visual Studio Version 16
VisualStudioVersion = 16.0.32901.82
MinimumVisualStudioVersion = 10.0.40219.1
Project("{FAE04EC0-301F-11D3-BF4B-00C04F79EFBC}") = "OpenClosedPrinciple", "OpenClosedPrinciple\OpenClosedPrinciple.csproj", "{709B6D5A-357E-4366-A6C9-C1D06B60599D}"
EndProject
Global
	GlobalSection(SolutionConfigurationPlatforms) = preSolution
		Debug|Any CPU = Debug|Any CPU
		Release|Any CPU = Release|Any CPU
	EndGlobalSection
	GlobalSection(ProjectConfigurationPlatforms) = postSolution
		{709B6D5A-357E-4366-A6C9-C1D06B60599D}.Debug|Any CPU.ActiveCfg = Debug|Any CPU
		{709B6D5A-357E-4366-A6C9-C1D06B60599D}.Debug|Any CPU.Build.0 = Debug|Any CPU
		{709B6D5A-357E-4366-A6C9-C1D06B60599D}.Release|Any CPU.ActiveCfg = Release|Any CPU
		{709B6D5A-357E-4366-A6C9-C1D06B60599D}.Release|Any CPU.Build.0 = Release|Any CPU
	EndGlobalSection
	GlobalSection(SolutionProperties) = preSolution
		HideSolutionNode = FALSE
	EndGlobalSection
	GlobalSection(ExtensibilityGlobals) = postSolution
		SolutionGuid = {487D5D3F-2361-4125-AD63-50AC08D12071}
	EndGlobalSection
EndGlobal
